
Microsoft Visual Studio Solution File, Format Version 12.00
# Visual Studio 15
VisualStudioVersion = 15.0.28307.136
MinimumVisualStudioVersion = 10.0.40219.1
Project("{FAE04EC0-301F-11D3-BF4B-00C04F79EFBC}") = "SampleIntroApp", "SampleIntroApp\SampleIntroApp.csproj", "{8F05C6AE-4419-47CA-AE4E-5B2954DBCAD8}"
EndProject
Global
	GlobalSection(SolutionConfigurationPlatforms) = preSolution
		Debug|Any CPU = Debug|Any CPU
		Release|Any CPU = Release|Any CPU
	EndGlobalSection
	GlobalSection(ProjectConfigurationPlatforms) = postSolution
		{8F05C6AE-4419-47CA-AE4E-5B2954DBCAD8}.Debug|Any CPU.ActiveCfg = Debug|Any CPU
		{8F05C6AE-4419-47CA-AE4E-5B2954DBCAD8}.Debug|Any CPU.Build.0 = Debug|Any CPU
		{8F05C6AE-4419-47CA-AE4E-5B2954DBCAD8}.Release|Any CPU.ActiveCfg = Release|Any CPU
		{8F05C6AE-4419-47CA-AE4E-5B2954DBCAD8}.Release|Any CPU.Build.0 = Release|Any CPU
	EndGlobalSection
	GlobalSection(SolutionProperties) = preSolution
		HideSolutionNode = FALSE
	EndGlobalSection
	GlobalSection(ExtensibilityGlobals) = postSolution
		SolutionGuid = {3559736D-1E9B-412B-B1B6-F9D5BA6FC6A3}
	EndGlobalSection
EndGlobal
